{
  "name": "qing-dev",
  "version": "1.14.1",
  "lockfileVersion": 2,
  "requires": true,
  "packages": {
    "": {
      "name": "qing-dev",
      "version": "1.14.1",
      "dependencies": {
        "catch-err-msg": "^1.0.0",
        "execa": "^6.1.0"
      },
      "bin": {
        "qing": "dist/cli.js"
      },
      "engines": {
        "node": ">=14.0.0"
      }
    },
    "../../node_modules/.pnpm/catch-err-msg@1.0.0/node_modules/catch-err-msg": {
      "version": "1.0.0",
      "license": "MIT",
      "devDependencies": {
        "@types/mocha": "^9.0.0",
        "@types/node": "^16.10.3",
        "@typescript-eslint/eslint-plugin": "^4.33.0",
        "@typescript-eslint/parser": "^4.33.0",
        "daizong": "^0.15.3",
        "eslint": "^7.32.0",
        "eslint-config-mgenware": "^0.2.0",
        "eslint-plugin-import": "^2.24.2",
        "mgenware-tsconfig-node": "^14.0.2",
        "mocha": "^9.1.2",
        "source-map-support": "^0.5.20",
        "typescript": "^4.4.3"
      },
      "engines": {
        "node": ">=14.0.0"
      }
    },
    "../../node_modules/.pnpm/execa@6.1.0/node_modules/execa": {
      "version": "6.1.0",
      "license": "MIT",
      "dependencies": {
        "cross-spawn": "^7.0.3",
        "get-stream": "^6.0.1",
        "human-signals": "^3.0.1",
        "is-stream": "^3.0.0",
        "merge-stream": "^2.0.0",
        "npm-run-path": "^5.1.0",
        "onetime": "^6.0.0",
        "signal-exit": "^3.0.7",
        "strip-final-newline": "^3.0.0"
      },
      "devDependencies": {
        "@types/node": "^17.0.17",
        "ava": "^4.0.1",
        "c8": "^7.11.0",
        "get-node": "^12.0.0",
        "is-running": "^2.1.0",
        "p-event": "^5.0.1",
        "semver": "^7.3.5",
        "tempfile": "^4.0.0",
        "tsd": "^0.19.1",
        "xo": "^0.48.0"
      },
      "engines": {
        "node": "^12.20.0 || ^14.13.1 || >=16.0.0"
      },
      "funding": {
        "url": "https://github.com/sindresorhus/execa?sponsor=1"
      }
    },
    "node_modules/catch-err-msg": {
      "resolved": "../../node_modules/.pnpm/catch-err-msg@1.0.0/node_modules/catch-err-msg",
      "link": true
    },
    "node_modules/execa": {
      "resolved": "../../node_modules/.pnpm/execa@6.1.0/node_modules/execa",
      "link": true
    }
  },
  "dependencies": {
    "catch-err-msg": {
      "version": "file:../../node_modules/.pnpm/catch-err-msg@1.0.0/node_modules/catch-err-msg",
      "requires": {
        "@types/mocha": "^9.0.0",
        "@types/node": "^16.10.3",
        "@typescript-eslint/eslint-plugin": "^4.33.0",
        "@typescript-eslint/parser": "^4.33.0",
        "daizong": "^0.15.3",
        "eslint": "^7.32.0",
        "eslint-config-mgenware": "^0.2.0",
        "eslint-plugin-import": "^2.24.2",
        "mgenware-tsconfig-node": "^14.0.2",
        "mocha": "^9.1.2",
        "source-map-support": "^0.5.20",
        "typescript": "^4.4.3"
      }
    },
    "execa": {
      "version": "file:../../node_modules/.pnpm/execa@6.1.0/node_modules/execa",
      "requires": {
        "@types/node": "^17.0.17",
        "ava": "^4.0.1",
        "c8": "^7.11.0",
        "cross-spawn": "^7.0.3",
        "get-node": "^12.0.0",
        "get-stream": "^6.0.1",
        "human-signals": "^3.0.1",
        "is-running": "^2.1.0",
        "is-stream": "^3.0.0",
        "merge-stream": "^2.0.0",
        "npm-run-path": "^5.1.0",
        "onetime": "^6.0.0",
        "p-event": "^5.0.1",
        "semver": "^7.3.5",
        "signal-exit": "^3.0.7",
        "strip-final-newline": "^3.0.0",
        "tempfile": "^4.0.0",
        "tsd": "^0.19.1",
        "xo": "^0.48.0"
      }
    }
  }
}
